
Microsoft Visual Studio Solution File, Format Version 12.00
# Visual Studio 14
VisualStudioVersion = 14.0.25123.0
MinimumVisualStudioVersion = 10.0.40219.1
Project("{FAE04EC0-301F-11D3-BF4B-00C04F79EFBC}") = "AngularVisualStudioStarter", "AngularVisualStudioStarter\AngularVisualStudioStarter.csproj", "{A565E81E-E6D1-4B89-8366-DE530B4E6858}"
EndProject
Project("{FAE04EC0-301F-11D3-BF4B-00C04F79EFBC}") = "AngularVisualStudioStarter.Api", "AngularVisualStudioStarter.Api\AngularVisualStudioStarter.Api.csproj", "{0B630601-C47A-403B-AA31-E216B2955AE5}"
EndProject
Project("{FAE04EC0-301F-11D3-BF4B-00C04F79EFBC}") = "AngularVisualStudioStarter.Api.Tests", "AngularVisualStudioStarter.Api.Tests\AngularVisualStudioStarter.Api.Tests.csproj", "{6A8E0E60-5E71-4D81-B468-F88231532E63}"
EndProject
Global
	GlobalSection(SolutionConfigurationPlatforms) = preSolution
		Debug|Any CPU = Debug|Any CPU
		Release|Any CPU = Release|Any CPU
	EndGlobalSection
	GlobalSection(ProjectConfigurationPlatforms) = postSolution
		{A565E81E-E6D1-4B89-8366-DE530B4E6858}.Debug|Any CPU.ActiveCfg = Debug|Any CPU
		{A565E81E-E6D1-4B89-8366-DE530B4E6858}.Debug|Any CPU.Build.0 = Debug|Any CPU
		{A565E81E-E6D1-4B89-8366-DE530B4E6858}.Release|Any CPU.ActiveCfg = Release|Any CPU
		{A565E81E-E6D1-4B89-8366-DE530B4E6858}.Release|Any CPU.Build.0 = Release|Any CPU
		{0B630601-C47A-403B-AA31-E216B2955AE5}.Debug|Any CPU.ActiveCfg = Debug|Any CPU
		{0B630601-C47A-403B-AA31-E216B2955AE5}.Debug|Any CPU.Build.0 = Debug|Any CPU
		{0B630601-C47A-403B-AA31-E216B2955AE5}.Release|Any CPU.ActiveCfg = Release|Any CPU
		{0B630601-C47A-403B-AA31-E216B2955AE5}.Release|Any CPU.Build.0 = Release|Any CPU
		{6A8E0E60-5E71-4D81-B468-F88231532E63}.Debug|Any CPU.ActiveCfg = Debug|Any CPU
		{6A8E0E60-5E71-4D81-B468-F88231532E63}.Debug|Any CPU.Build.0 = Debug|Any CPU
		{6A8E0E60-5E71-4D81-B468-F88231532E63}.Release|Any CPU.ActiveCfg = Release|Any CPU
		{6A8E0E60-5E71-4D81-B468-F88231532E63}.Release|Any CPU.Build.0 = Release|Any CPU
	EndGlobalSection
	GlobalSection(SolutionProperties) = preSolution
		HideSolutionNode = FALSE
	EndGlobalSection
EndGlobal
